
Microsoft Visual Studio Solution File, Format Version 12.00
# Visual Studio 15
VisualStudioVersion = 15.0.28307.1169
MinimumVisualStudioVersion = 10.0.40219.1
Project("{FAE04EC0-301F-11D3-BF4B-00C04F79EFBC}") = "Phonebookapp1", "Phonebookapp1\Phonebookapp1.csproj", "{0D5626AF-9319-4CEC-9C5E-EDA382773173}"
EndProject
Global
	GlobalSection(SolutionConfigurationPlatforms) = preSolution
		Debug|Any CPU = Debug|Any CPU
		Release|Any CPU = Release|Any CPU
	EndGlobalSection
	GlobalSection(ProjectConfigurationPlatforms) = postSolution
		{0D5626AF-9319-4CEC-9C5E-EDA382773173}.Debug|Any CPU.ActiveCfg = Debug|Any CPU
		{0D5626AF-9319-4CEC-9C5E-EDA382773173}.Debug|Any CPU.Build.0 = Debug|Any CPU
		{0D5626AF-9319-4CEC-9C5E-EDA382773173}.Release|Any CPU.ActiveCfg = Release|Any CPU
		{0D5626AF-9319-4CEC-9C5E-EDA382773173}.Release|Any CPU.Build.0 = Release|Any CPU
	EndGlobalSection
	GlobalSection(SolutionProperties) = preSolution
		HideSolutionNode = FALSE
	EndGlobalSection
	GlobalSection(ExtensibilityGlobals) = postSolution
		SolutionGuid = {4D960C6D-5284-4687-BE21-84E922AFAD20}
	EndGlobalSection
EndGlobal
